{
  "name": "socialbar",
  "version": "1.0.0",
  "lockfileVersion": 3,
  "requires": true,
  "packages": {
    "": {
      "name": "socialbar",
      "version": "1.0.0",
      "license": "ISC",
      "dependencies": {
        "socialbar": "^1.0.0"
      }
    },
    "node_modules/socialbar": {
      "version": "1.0.0",
      "resolved": "https://registry.npmjs.org/socialbar/-/socialbar-1.0.0.tgz",
      "integrity": "sha512-JW1OA0LgZd82WiBa0ZdcXf7XFjDh5uq7Is+/kPaejh6bAEH9qnwjuc0DY0Mqs+MExFXtR8qU/adXBILkbZBDMw=="
    }
  }
}
